
Microsoft Visual Studio Solution File, Format Version 12.00
# Visual Studio Version 17
VisualStudioVersion = 17.0.32112.339
MinimumVisualStudioVersion = 10.0.40219.1
Project("{9A19103F-16F7-4668-BE54-9A1E7A4F7556}") = "ListManagement", "ListManagement\ListManagement.csproj", "{B91AE804-04FC-42B9-B14B-CD71552D3E8A}"
EndProject
Project("{FAE04EC0-301F-11D3-BF4B-00C04F79EFBC}") = "Library.ListManagement", "Library.ListManagement\Library.ListManagement.csproj", "{B03B4239-ABDF-4C35-B4EE-95F90EAA22DF}"
EndProject
Global
	GlobalSection(SolutionConfigurationPlatforms) = preSolution
		Debug|Any CPU = Debug|Any CPU
		Release|Any CPU = Release|Any CPU
	EndGlobalSection
	GlobalSection(ProjectConfigurationPlatforms) = postSolution
		{B91AE804-04FC-42B9-B14B-CD71552D3E8A}.Debug|Any CPU.ActiveCfg = Debug|Any CPU
		{B91AE804-04FC-42B9-B14B-CD71552D3E8A}.Debug|Any CPU.Build.0 = Debug|Any CPU
		{B91AE804-04FC-42B9-B14B-CD71552D3E8A}.Release|Any CPU.ActiveCfg = Release|Any CPU
		{B91AE804-04FC-42B9-B14B-CD71552D3E8A}.Release|Any CPU.Build.0 = Release|Any CPU
		{B03B4239-ABDF-4C35-B4EE-95F90EAA22DF}.Debug|Any CPU.ActiveCfg = Debug|Any CPU
		{B03B4239-ABDF-4C35-B4EE-95F90EAA22DF}.Debug|Any CPU.Build.0 = Debug|Any CPU
		{B03B4239-ABDF-4C35-B4EE-95F90EAA22DF}.Release|Any CPU.ActiveCfg = Release|Any CPU
		{B03B4239-ABDF-4C35-B4EE-95F90EAA22DF}.Release|Any CPU.Build.0 = Release|Any CPU
	EndGlobalSection
	GlobalSection(SolutionProperties) = preSolution
		HideSolutionNode = FALSE
	EndGlobalSection
	GlobalSection(ExtensibilityGlobals) = postSolution
		SolutionGuid = {1BEE1600-09A7-48BE-B2B2-9CE747A4C02A}
	EndGlobalSection
EndGlobal
