
Microsoft Visual Studio Solution File, Format Version 12.00
# Visual Studio Version 17
VisualStudioVersion = 17.0.32112.339
MinimumVisualStudioVersion = 10.0.40219.1
Project("{FAE04EC0-301F-11D3-BF4B-00C04F79EFBC}") = "API.ListManagement", "API.ListManagement\API.ListManagement.csproj", "{D1530E6D-A47C-4E3B-8600-1834E16414FC}"
EndProject
Global
	GlobalSection(SolutionConfigurationPlatforms) = preSolution
		Debug|Any CPU = Debug|Any CPU
		Release|Any CPU = Release|Any CPU
	EndGlobalSection
	GlobalSection(ProjectConfigurationPlatforms) = postSolution
		{D1530E6D-A47C-4E3B-8600-1834E16414FC}.Debug|Any CPU.ActiveCfg = Debug|Any CPU
		{D1530E6D-A47C-4E3B-8600-1834E16414FC}.Debug|Any CPU.Build.0 = Debug|Any CPU
		{D1530E6D-A47C-4E3B-8600-1834E16414FC}.Release|Any CPU.ActiveCfg = Release|Any CPU
		{D1530E6D-A47C-4E3B-8600-1834E16414FC}.Release|Any CPU.Build.0 = Release|Any CPU
	EndGlobalSection
	GlobalSection(SolutionProperties) = preSolution
		HideSolutionNode = FALSE
	EndGlobalSection
	GlobalSection(ExtensibilityGlobals) = postSolution
		SolutionGuid = {A4C45C8A-B1F0-4D0B-BBB9-6D8A55BB0E31}
	EndGlobalSection
EndGlobal
